
Microsoft Visual Studio Solution File, Format Version 12.00
Project("{FAE04EC0-301F-11D3-BF4B-00C04F79EFBC}") = "ItemFactory.Core", "ItemFactory.Core\ItemFactory.Core.csproj", "{D6959A56-2AFD-42A4-96BC-263D8899147F}"
EndProject
Project("{FAE04EC0-301F-11D3-BF4B-00C04F79EFBC}") = "ItemFactory.Core.Tests", "ItemFactory.Core.Tests\ItemFactory.Core.Tests.csproj", "{FED4DA59-3E50-4BE4-9F2E-0345B490472E}"
EndProject
Global
	GlobalSection(SolutionConfigurationPlatforms) = preSolution
		Debug|Any CPU = Debug|Any CPU
		Release|Any CPU = Release|Any CPU
	EndGlobalSection
	GlobalSection(ProjectConfigurationPlatforms) = postSolution
		{D6959A56-2AFD-42A4-96BC-263D8899147F}.Debug|Any CPU.ActiveCfg = Debug|Any CPU
		{D6959A56-2AFD-42A4-96BC-263D8899147F}.Debug|Any CPU.Build.0 = Debug|Any CPU
		{D6959A56-2AFD-42A4-96BC-263D8899147F}.Release|Any CPU.ActiveCfg = Release|Any CPU
		{D6959A56-2AFD-42A4-96BC-263D8899147F}.Release|Any CPU.Build.0 = Release|Any CPU
		{FED4DA59-3E50-4BE4-9F2E-0345B490472E}.Debug|Any CPU.ActiveCfg = Debug|Any CPU
		{FED4DA59-3E50-4BE4-9F2E-0345B490472E}.Debug|Any CPU.Build.0 = Debug|Any CPU
		{FED4DA59-3E50-4BE4-9F2E-0345B490472E}.Release|Any CPU.ActiveCfg = Release|Any CPU
		{FED4DA59-3E50-4BE4-9F2E-0345B490472E}.Release|Any CPU.Build.0 = Release|Any CPU
	EndGlobalSection
EndGlobal
